// !$*UTF8*$!
{
	archiveVersion = 1;
	classes = {
	};
	objectVersion = 56;
	objects = {

/* Begin PBXBuildFile section */
		1E7563F373F15ED7E2018F5B /* Pods_oneTwoKnow.framework in Frameworks */ = {isa = PBXBuildFile; fileRef = 6280C004E63520ACEC874BBF /* Pods_oneTwoKnow.framework */; };
		3A15F186292D7222001C32F1 /* TextEditorView.swift in Sources */ = {isa = PBXBuildFile; fileRef = 3A15F185292D7222001C32F1 /* TextEditorView.swift */; };
		3A15F188292D7359001C32F1 /* MainScreen.swift in Sources */ = {isa = PBXBuildFile; fileRef = 3A15F187292D7359001C32F1 /* MainScreen.swift */; };
		3A22FCCA28FC29D30033D9C1 /* TextRecognitionService.swift in Sources */ = {isa = PBXBuildFile; fileRef = 3A22FCC928FC29D30033D9C1 /* TextRecognitionService.swift */; };
		3A22FCCC28FC8E7E0033D9C1 /* PickedImageCell.swift in Sources */ = {isa = PBXBuildFile; fileRef = 3A22FCCB28FC8E7E0033D9C1 /* PickedImageCell.swift */; };
		3A22FCCE28FC8ECD0033D9C1 /* RecognizedItemModel.swift in Sources */ = {isa = PBXBuildFile; fileRef = 3A22FCCD28FC8ECD0033D9C1 /* RecognizedItemModel.swift */; };
		3A3085C928FC01E1008AC49B /* oneTwoKnowApp.swift in Sources */ = {isa = PBXBuildFile; fileRef = 3A3085C828FC01E1008AC49B /* oneTwoKnowApp.swift */; };
		3A3085CD28FC01E3008AC49B /* Assets.xcassets in Resources */ = {isa = PBXBuildFile; fileRef = 3A3085CC28FC01E3008AC49B /* Assets.xcassets */; };
		3A3085D128FC01E3008AC49B /* Preview Assets.xcassets in Resources */ = {isa = PBXBuildFile; fileRef = 3A3085D028FC01E3008AC49B /* Preview Assets.xcassets */; };
		3A3085D828FC02AC008AC49B /* PhotoPicker.swift in Sources */ = {isa = PBXBuildFile; fileRef = 3A3085D728FC02AC008AC49B /* PhotoPicker.swift */; };
		3A349D16292583CB00E40041 /* ActionButton.swift in Sources */ = {isa = PBXBuildFile; fileRef = 3A349D15292583CB00E40041 /* ActionButton.swift */; };
		3A349D192925862300E40041 /* Colors.swift in Sources */ = {isa = PBXBuildFile; fileRef = 3A349D182925862300E40041 /* Colors.swift */; };
		3A3783032903F714007597C9 /* TranslationScreen.swift in Sources */ = {isa = PBXBuildFile; fileRef = 3A3783022903F714007597C9 /* TranslationScreen.swift */; };
		3AC38110292E068D000561FA /* SelectingLanguageView.swift in Sources */ = {isa = PBXBuildFile; fileRef = 3AC3810F292E068D000561FA /* SelectingLanguageView.swift */; };
/* End PBXBuildFile section */

/* Begin PBXFileReference section */
		18B968E26123235CB5A01C7C /* Pods-oneTwoKnow.debug.xcconfig */ = {isa = PBXFileReference; includeInIndex = 1; lastKnownFileType = text.xcconfig; name = "Pods-oneTwoKnow.debug.xcconfig"; path = "Target Support Files/Pods-oneTwoKnow/Pods-oneTwoKnow.debug.xcconfig"; sourceTree = "<group>"; };
		3A15F185292D7222001C32F1 /* TextEditorView.swift */ = {isa = PBXFileReference; lastKnownFileType = sourcecode.swift; path = TextEditorView.swift; sourceTree = "<group>"; };
		3A15F187292D7359001C32F1 /* MainScreen.swift */ = {isa = PBXFileReference; lastKnownFileType = sourcecode.swift; path = MainScreen.swift; sourceTree = "<group>"; };
		3A22FCC928FC29D30033D9C1 /* TextRecognitionService.swift */ = {isa = PBXFileReference; lastKnownFileType = sourcecode.swift; path = TextRecognitionService.swift; sourceTree = "<group>"; };
		3A22FCCB28FC8E7E0033D9C1 /* PickedImageCell.swift */ = {isa = PBXFileReference; lastKnownFileType = sourcecode.swift; path = PickedImageCell.swift; sourceTree = "<group>"; };
		3A22FCCD28FC8ECD0033D9C1 /* RecognizedItemModel.swift */ = {isa = PBXFileReference; lastKnownFileType = sourcecode.swift; path = RecognizedItemModel.swift; sourceTree = "<group>"; };
		3A3085C528FC01E1008AC49B /* oneTwoKnow.app */ = {isa = PBXFileReference; explicitFileType = wrapper.application; includeInIndex = 0; path = oneTwoKnow.app; sourceTree = BUILT_PRODUCTS_DIR; };
		3A3085C828FC01E1008AC49B /* oneTwoKnowApp.swift */ = {isa = PBXFileReference; lastKnownFileType = sourcecode.swift; path = oneTwoKnowApp.swift; sourceTree = "<group>"; };
		3A3085CC28FC01E3008AC49B /* Assets.xcassets */ = {isa = PBXFileReference; lastKnownFileType = folder.assetcatalog; path = Assets.xcassets; sourceTree = "<group>"; };
		3A3085CE28FC01E3008AC49B /* oneTwoKnow.entitlements */ = {isa = PBXFileReference; lastKnownFileType = text.plist.entitlements; path = oneTwoKnow.entitlements; sourceTree = "<group>"; };
		3A3085D028FC01E3008AC49B /* Preview Assets.xcassets */ = {isa = PBXFileReference; lastKnownFileType = folder.assetcatalog; path = "Preview Assets.xcassets"; sourceTree = "<group>"; };
		3A3085D728FC02AC008AC49B /* PhotoPicker.swift */ = {isa = PBXFileReference; lastKnownFileType = sourcecode.swift; path = PhotoPicker.swift; sourceTree = "<group>"; };
		3A349D15292583CB00E40041 /* ActionButton.swift */ = {isa = PBXFileReference; lastKnownFileType = sourcecode.swift; path = ActionButton.swift; sourceTree = "<group>"; };
		3A349D182925862300E40041 /* Colors.swift */ = {isa = PBXFileReference; lastKnownFileType = sourcecode.swift; path = Colors.swift; sourceTree = "<group>"; };
		3A3783022903F714007597C9 /* TranslationScreen.swift */ = {isa = PBXFileReference; lastKnownFileType = sourcecode.swift; path = TranslationScreen.swift; sourceTree = "<group>"; };
		3AC3810F292E068D000561FA /* SelectingLanguageView.swift */ = {isa = PBXFileReference; fileEncoding = 4; lastKnownFileType = sourcecode.swift; path = SelectingLanguageView.swift; sourceTree = "<group>"; };
		6280C004E63520ACEC874BBF /* Pods_oneTwoKnow.framework */ = {isa = PBXFileReference; explicitFileType = wrapper.framework; includeInIndex = 0; path = Pods_oneTwoKnow.framework; sourceTree = BUILT_PRODUCTS_DIR; };
		7DDECE46D9EE7EF420D5F9AB /* Pods-oneTwoKnow.release.xcconfig */ = {isa = PBXFileReference; includeInIndex = 1; lastKnownFileType = text.xcconfig; name = "Pods-oneTwoKnow.release.xcconfig"; path = "Target Support Files/Pods-oneTwoKnow/Pods-oneTwoKnow.release.xcconfig"; sourceTree = "<group>"; };
/* End PBXFileReference section */

/* Begin PBXFrameworksBuildPhase section */
		3A3085C228FC01E1008AC49B /* Frameworks */ = {
			isa = PBXFrameworksBuildPhase;
			buildActionMask = 2147483647;
			files = (
				1E7563F373F15ED7E2018F5B /* Pods_oneTwoKnow.framework in Frameworks */,
			);
			runOnlyForDeploymentPostprocessing = 0;
		};
/* End PBXFrameworksBuildPhase section */

/* Begin PBXGroup section */
		3096F4AD993D80109FFD1B6F /* Frameworks */ = {
			isa = PBXGroup;
			children = (
				6280C004E63520ACEC874BBF /* Pods_oneTwoKnow.framework */,
			);
			name = Frameworks;
			sourceTree = "<group>";
		};
		3A15F184292D71D6001C32F1 /* Views */ = {
			isa = PBXGroup;
			children = (
				3A3085D728FC02AC008AC49B /* PhotoPicker.swift */,
				3A15F185292D7222001C32F1 /* TextEditorView.swift */,
				3AC3810F292E068D000561FA /* SelectingLanguageView.swift */,
			);
			path = Views;
			sourceTree = "<group>";
		};
		3A15F18A292D740D001C32F1 /* Services */ = {
			isa = PBXGroup;
			children = (
				3A22FCC928FC29D30033D9C1 /* TextRecognitionService.swift */,
			);
			path = Services;
			sourceTree = "<group>";
		};
		3A15F18B292D747B001C32F1 /* Models */ = {
			isa = PBXGroup;
			children = (
				3A22FCCD28FC8ECD0033D9C1 /* RecognizedItemModel.swift */,
			);
			path = Models;
			sourceTree = "<group>";
		};
		3A3085BC28FC01E1008AC49B = {
			isa = PBXGroup;
			children = (
				3A3085C728FC01E1008AC49B /* oneTwoKnow */,
				3A3085C628FC01E1008AC49B /* Products */,
				F493DD8ABBCEA9BDCF4F1A92 /* Pods */,
				3096F4AD993D80109FFD1B6F /* Frameworks */,
			);
			sourceTree = "<group>";
		};
		3A3085C628FC01E1008AC49B /* Products */ = {
			isa = PBXGroup;
			children = (
				3A3085C528FC01E1008AC49B /* oneTwoKnow.app */,
			);
			name = Products;
			sourceTree = "<group>";
		};
		3A3085C728FC01E1008AC49B /* oneTwoKnow */ = {
			isa = PBXGroup;
			children = (
				3A7365E6292E1B83002D8B7E /* Extensions */,
				3A15F18B292D747B001C32F1 /* Models */,
				3A15F18A292D740D001C32F1 /* Services */,
				3A349D172925861200E40041 /* Helpers */,
				3A349D122925839F00E40041 /* UI */,
				3A3085C828FC01E1008AC49B /* oneTwoKnowApp.swift */,
				3A3085CC28FC01E3008AC49B /* Assets.xcassets */,
				3A3085CE28FC01E3008AC49B /* oneTwoKnow.entitlements */,
				3A3085CF28FC01E3008AC49B /* Preview Content */,
			);
			path = oneTwoKnow;
			sourceTree = "<group>";
		};
		3A3085CF28FC01E3008AC49B /* Preview Content */ = {
			isa = PBXGroup;
			children = (
				3A3085D028FC01E3008AC49B /* Preview Assets.xcassets */,
			);
			path = "Preview Content";
			sourceTree = "<group>";
		};
		3A349D122925839F00E40041 /* UI */ = {
			isa = PBXGroup;
			children = (
				3A15F184292D71D6001C32F1 /* Views */,
				3A349D14292583B300E40041 /* Screens */,
				3A349D13292583A800E40041 /* Components */,
			);
			path = UI;
			sourceTree = "<group>";
		};
		3A349D13292583A800E40041 /* Components */ = {
			isa = PBXGroup;
			children = (
				3A22FCCB28FC8E7E0033D9C1 /* PickedImageCell.swift */,
				3A349D15292583CB00E40041 /* ActionButton.swift */,
			);
			path = Components;
			sourceTree = "<group>";
		};
		3A349D14292583B300E40041 /* Screens */ = {
			isa = PBXGroup;
			children = (
				3A15F187292D7359001C32F1 /* MainScreen.swift */,
				3A3783022903F714007597C9 /* TranslationScreen.swift */,
			);
			path = Screens;
			sourceTree = "<group>";
		};
		3A349D172925861200E40041 /* Helpers */ = {
			isa = PBXGroup;
			children = (
				3A349D182925862300E40041 /* Colors.swift */,
			);
			path = Helpers;
			sourceTree = "<group>";
		};
		3A7365E6292E1B83002D8B7E /* Extensions */ = {
			isa = PBXGroup;
			children = (
			);
			path = Extensions;
			sourceTree = "<group>";
		};
		F493DD8ABBCEA9BDCF4F1A92 /* Pods */ = {
			isa = PBXGroup;
			children = (
				18B968E26123235CB5A01C7C /* Pods-oneTwoKnow.debug.xcconfig */,
				7DDECE46D9EE7EF420D5F9AB /* Pods-oneTwoKnow.release.xcconfig */,
			);
			path = Pods;
			sourceTree = "<group>";
		};
/* End PBXGroup section */

/* Begin PBXNativeTarget section */
		3A3085C428FC01E1008AC49B /* oneTwoKnow */ = {
			isa = PBXNativeTarget;
			buildConfigurationList = 3A3085D428FC01E3008AC49B /* Build configuration list for PBXNativeTarget "oneTwoKnow" */;
			buildPhases = (
				59E22C1C37F1D562E133AD3A /* [CP] Check Pods Manifest.lock */,
				3A3085C128FC01E1008AC49B /* Sources */,
				3A3085C228FC01E1008AC49B /* Frameworks */,
				3A3085C328FC01E1008AC49B /* Resources */,
				BE0B6927D68A18F636140479 /* [CP] Embed Pods Frameworks */,
				A82E64AC58DE84310B420F96 /* [CP] Copy Pods Resources */,
			);
			buildRules = (
			);
			dependencies = (
			);
			name = oneTwoKnow;
			productName = oneTwoKnow;
			productReference = 3A3085C528FC01E1008AC49B /* oneTwoKnow.app */;
			productType = "com.apple.product-type.application";
		};
/* End PBXNativeTarget section */

/* Begin PBXProject section */
		3A3085BD28FC01E1008AC49B /* Project object */ = {
			isa = PBXProject;
			attributes = {
				BuildIndependentTargetsInParallel = 1;
				LastSwiftUpdateCheck = 1400;
				LastUpgradeCheck = 1400;
				TargetAttributes = {
					3A3085C428FC01E1008AC49B = {
						CreatedOnToolsVersion = 14.0;
					};
				};
			};
			buildConfigurationList = 3A3085C028FC01E1008AC49B /* Build configuration list for PBXProject "oneTwoKnow" */;
			compatibilityVersion = "Xcode 14.0";
			developmentRegion = en;
			hasScannedForEncodings = 0;
			knownRegions = (
				en,
				Base,
			);
			mainGroup = 3A3085BC28FC01E1008AC49B;
			productRefGroup = 3A3085C628FC01E1008AC49B /* Products */;
			projectDirPath = "";
			projectRoot = "";
			targets = (
				3A3085C428FC01E1008AC49B /* oneTwoKnow */,
			);
		};
/* End PBXProject section */

/* Begin PBXResourcesBuildPhase section */
		3A3085C328FC01E1008AC49B /* Resources */ = {
			isa = PBXResourcesBuildPhase;
			buildActionMask = 2147483647;
			files = (
				3A3085D128FC01E3008AC49B /* Preview Assets.xcassets in Resources */,
				3A3085CD28FC01E3008AC49B /* Assets.xcassets in Resources */,
			);
			runOnlyForDeploymentPostprocessing = 0;
		};
/* End PBXResourcesBuildPhase section */

/* Begin PBXShellScriptBuildPhase section */
		59E22C1C37F1D562E133AD3A /* [CP] Check Pods Manifest.lock */ = {
			isa = PBXShellScriptBuildPhase;
			buildActionMask = 2147483647;
			files = (
			);
			inputFileListPaths = (
			);
			inputPaths = (
				"${PODS_PODFILE_DIR_PATH}/Podfile.lock",
				"${PODS_ROOT}/Manifest.lock",
			);
			name = "[CP] Check Pods Manifest.lock";
			outputFileListPaths = (
			);
			outputPaths = (
				"$(DERIVED_FILE_DIR)/Pods-oneTwoKnow-checkManifestLockResult.txt",
			);
			runOnlyForDeploymentPostprocessing = 0;
			shellPath = /bin/sh;
			shellScript = "diff \"${PODS_PODFILE_DIR_PATH}/Podfile.lock\" \"${PODS_ROOT}/Manifest.lock\" > /dev/null\nif [ $? != 0 ] ; then\n    # print error to STDERR\n    echo \"error: The sandbox is not in sync with the Podfile.lock. Run 'pod install' or update your CocoaPods installation.\" >&2\n    exit 1\nfi\n# This output is used by Xcode 'outputs' to avoid re-running this script phase.\necho \"SUCCESS\" > \"${SCRIPT_OUTPUT_FILE_0}\"\n";
			showEnvVarsInLog = 0;
		};
		A82E64AC58DE84310B420F96 /* [CP] Copy Pods Resources */ = {
			isa = PBXShellScriptBuildPhase;
			buildActionMask = 2147483647;
			files = (
			);
			inputFileListPaths = (
				"${PODS_ROOT}/Target Support Files/Pods-oneTwoKnow/Pods-oneTwoKnow-resources-${CONFIGURATION}-input-files.xcfilelist",
			);
			name = "[CP] Copy Pods Resources";
			outputFileListPaths = (
				"${PODS_ROOT}/Target Support Files/Pods-oneTwoKnow/Pods-oneTwoKnow-resources-${CONFIGURATION}-output-files.xcfilelist",
			);
			runOnlyForDeploymentPostprocessing = 0;
			shellPath = /bin/sh;
			shellScript = "\"${PODS_ROOT}/Target Support Files/Pods-oneTwoKnow/Pods-oneTwoKnow-resources.sh\"\n";
			showEnvVarsInLog = 0;
		};
		BE0B6927D68A18F636140479 /* [CP] Embed Pods Frameworks */ = {
			isa = PBXShellScriptBuildPhase;
			buildActionMask = 2147483647;
			files = (
			);
			inputFileListPaths = (
				"${PODS_ROOT}/Target Support Files/Pods-oneTwoKnow/Pods-oneTwoKnow-frameworks-${CONFIGURATION}-input-files.xcfilelist",
			);
			name = "[CP] Embed Pods Frameworks";
			outputFileListPaths = (
				"${PODS_ROOT}/Target Support Files/Pods-oneTwoKnow/Pods-oneTwoKnow-frameworks-${CONFIGURATION}-output-files.xcfilelist",
			);
			runOnlyForDeploymentPostprocessing = 0;
			shellPath = /bin/sh;
			shellScript = "\"${PODS_ROOT}/Target Support Files/Pods-oneTwoKnow/Pods-oneTwoKnow-frameworks.sh\"\n";
			showEnvVarsInLog = 0;
		};
/* End PBXShellScriptBuildPhase section */

/* Begin PBXSourcesBuildPhase section */
		3A3085C128FC01E1008AC49B /* Sources */ = {
			isa = PBXSourcesBuildPhase;
			buildActionMask = 2147483647;
			files = (
				3A15F188292D7359001C32F1 /* MainScreen.swift in Sources */,
				3A349D16292583CB00E40041 /* ActionButton.swift in Sources */,
				3A349D192925862300E40041 /* Colors.swift in Sources */,
				3AC38110292E068D000561FA /* SelectingLanguageView.swift in Sources */,
				3A3085D828FC02AC008AC49B /* PhotoPicker.swift in Sources */,
				3A3783032903F714007597C9 /* TranslationScreen.swift in Sources */,
				3A22FCCC28FC8E7E0033D9C1 /* PickedImageCell.swift in Sources */,
				3A22FCCE28FC8ECD0033D9C1 /* RecognizedItemModel.swift in Sources */,
				3A22FCCA28FC29D30033D9C1 /* TextRecognitionService.swift in Sources */,
				3A15F186292D7222001C32F1 /* TextEditorView.swift in Sources */,
				3A3085C928FC01E1008AC49B /* oneTwoKnowApp.swift in Sources */,
			);
			runOnlyForDeploymentPostprocessing = 0;
		};
/* End PBXSourcesBuildPhase section */

/* Begin XCBuildConfiguration section */
		3A3085D228FC01E3008AC49B /* Debug */ = {
			isa = XCBuildConfiguration;
			buildSettings = {
				ALWAYS_SEARCH_USER_PATHS = NO;
				CLANG_ANALYZER_NONNULL = YES;
				CLANG_ANALYZER_NUMBER_OBJECT_CONVERSION = YES_AGGRESSIVE;
				CLANG_CXX_LANGUAGE_STANDARD = "gnu++20";
				CLANG_ENABLE_MODULES = YES;
				CLANG_ENABLE_OBJC_ARC = YES;
				CLANG_ENABLE_OBJC_WEAK = YES;
				CLANG_WARN_BLOCK_CAPTURE_AUTORELEASING = YES;
				CLANG_WARN_BOOL_CONVERSION = YES;
				CLANG_WARN_COMMA = YES;
				CLANG_WARN_CONSTANT_CONVERSION = YES;
				CLANG_WARN_DEPRECATED_OBJC_IMPLEMENTATIONS = YES;
				CLANG_WARN_DIRECT_OBJC_ISA_USAGE = YES_ERROR;
				CLANG_WARN_DOCUMENTATION_COMMENTS = YES;
				CLANG_WARN_EMPTY_BODY = YES;
				CLANG_WARN_ENUM_CONVERSION = YES;
				CLANG_WARN_INFINITE_RECURSION = YES;
				CLANG_WARN_INT_CONVERSION = YES;
				CLANG_WARN_NON_LITERAL_NULL_CONVERSION = YES;
				CLANG_WARN_OBJC_IMPLICIT_RETAIN_SELF = YES;
				CLANG_WARN_OBJC_LITERAL_CONVERSION = YES;
				CLANG_WARN_OBJC_ROOT_CLASS = YES_ERROR;
				CLANG_WARN_QUOTED_INCLUDE_IN_FRAMEWORK_HEADER = YES;
				CLANG_WARN_RANGE_LOOP_ANALYSIS = YES;
				CLANG_WARN_STRICT_PROTOTYPES = YES;
				CLANG_WARN_SUSPICIOUS_MOVE = YES;
				CLANG_WARN_UNGUARDED_AVAILABILITY = YES_AGGRESSIVE;
				CLANG_WARN_UNREACHABLE_CODE = YES;
				CLANG_WARN__DUPLICATE_METHOD_MATCH = YES;
				COPY_PHASE_STRIP = NO;
				DEBUG_INFORMATION_FORMAT = dwarf;
				ENABLE_STRICT_OBJC_MSGSEND = YES;
				ENABLE_TESTABILITY = YES;
				GCC_C_LANGUAGE_STANDARD = gnu11;
				GCC_DYNAMIC_NO_PIC = NO;
				GCC_NO_COMMON_BLOCKS = YES;
				GCC_OPTIMIZATION_LEVEL = 0;
				GCC_PREPROCESSOR_DEFINITIONS = (
					"DEBUG=1",
					"$(inherited)",
				);
				GCC_WARN_64_TO_32_BIT_CONVERSION = YES;
				GCC_WARN_ABOUT_RETURN_TYPE = YES_ERROR;
				GCC_WARN_UNDECLARED_SELECTOR = YES;
				GCC_WARN_UNINITIALIZED_AUTOS = YES_AGGRESSIVE;
				GCC_WARN_UNUSED_FUNCTION = YES;
				GCC_WARN_UNUSED_VARIABLE = YES;
				MTL_ENABLE_DEBUG_INFO = INCLUDE_SOURCE;
				MTL_FAST_MATH = YES;
				ONLY_ACTIVE_ARCH = YES;
				SWIFT_ACTIVE_COMPILATION_CONDITIONS = DEBUG;
				SWIFT_OPTIMIZATION_LEVEL = "-Onone";
			};
			name = Debug;
		};
		3A3085D328FC01E3008AC49B /* Release */ = {
			isa = XCBuildConfiguration;
			buildSettings = {
				ALWAYS_SEARCH_USER_PATHS = NO;
				CLANG_ANALYZER_NONNULL = YES;
				CLANG_ANALYZER_NUMBER_OBJECT_CONVERSION = YES_AGGRESSIVE;
				CLANG_CXX_LANGUAGE_STANDARD = "gnu++20";
				CLANG_ENABLE_MODULES = YES;
				CLANG_ENABLE_OBJC_ARC = YES;
				CLANG_ENABLE_OBJC_WEAK = YES;
				CLANG_WARN_BLOCK_CAPTURE_AUTORELEASING = YES;
				CLANG_WARN_BOOL_CONVERSION = YES;
				CLANG_WARN_COMMA = YES;
				CLANG_WARN_CONSTANT_CONVERSION = YES;
				CLANG_WARN_DEPRECATED_OBJC_IMPLEMENTATIONS = YES;
				CLANG_WARN_DIRECT_OBJC_ISA_USAGE = YES_ERROR;
				CLANG_WARN_DOCUMENTATION_COMMENTS = YES;
				CLANG_WARN_EMPTY_BODY = YES;
				CLANG_WARN_ENUM_CONVERSION = YES;
				CLANG_WARN_INFINITE_RECURSION = YES;
				CLANG_WARN_INT_CONVERSION = YES;
				CLANG_WARN_NON_LITERAL_NULL_CONVERSION = YES;
				CLANG_WARN_OBJC_IMPLICIT_RETAIN_SELF = YES;
				CLANG_WARN_OBJC_LITERAL_CONVERSION = YES;
				CLANG_WARN_OBJC_ROOT_CLASS = YES_ERROR;
				CLANG_WARN_QUOTED_INCLUDE_IN_FRAMEWORK_HEADER = YES;
				CLANG_WARN_RANGE_LOOP_ANALYSIS = YES;
				CLANG_WARN_STRICT_PROTOTYPES = YES;
				CLANG_WARN_SUSPICIOUS_MOVE = YES;
				CLANG_WARN_UNGUARDED_AVAILABILITY = YES_AGGRESSIVE;
				CLANG_WARN_UNREACHABLE_CODE = YES;
				CLANG_WARN__DUPLICATE_METHOD_MATCH = YES;
				COPY_PHASE_STRIP = NO;
				DEBUG_INFORMATION_FORMAT = "dwarf-with-dsym";
				ENABLE_NS_ASSERTIONS = NO;
				ENABLE_STRICT_OBJC_MSGSEND = YES;
				GCC_C_LANGUAGE_STANDARD = gnu11;
				GCC_NO_COMMON_BLOCKS = YES;
				GCC_WARN_64_TO_32_BIT_CONVERSION = YES;
				GCC_WARN_ABOUT_RETURN_TYPE = YES_ERROR;
				GCC_WARN_UNDECLARED_SELECTOR = YES;
				GCC_WARN_UNINITIALIZED_AUTOS = YES_AGGRESSIVE;
				GCC_WARN_UNUSED_FUNCTION = YES;
				GCC_WARN_UNUSED_VARIABLE = YES;
				MTL_ENABLE_DEBUG_INFO = NO;
				MTL_FAST_MATH = YES;
				SWIFT_COMPILATION_MODE = wholemodule;
				SWIFT_OPTIMIZATION_LEVEL = "-O";
			};
			name = Release;
		};
		3A3085D528FC01E3008AC49B /* Debug */ = {
			isa = XCBuildConfiguration;
			baseConfigurationReference = 18B968E26123235CB5A01C7C /* Pods-oneTwoKnow.debug.xcconfig */;
			buildSettings = {
				ASSETCATALOG_COMPILER_APPICON_NAME = AppIcon;
				ASSETCATALOG_COMPILER_GLOBAL_ACCENT_COLOR_NAME = AccentColor;
				CODE_SIGN_ENTITLEMENTS = oneTwoKnow/oneTwoKnow.entitlements;
				CODE_SIGN_IDENTITY = "Apple Development";
				CODE_SIGN_STYLE = Automatic;
				CURRENT_PROJECT_VERSION = 1;
				DEVELOPMENT_ASSET_PATHS = "\"oneTwoKnow/Preview Content\"";
				DEVELOPMENT_TEAM = 836DR8655U;
				ENABLE_HARDENED_RUNTIME = YES;
				ENABLE_PREVIEWS = YES;
				GENERATE_INFOPLIST_FILE = YES;
				INFOPLIST_KEY_NSCameraUsageDescription = "Для распознавания текста приложению нужен доступ к камере вашего устройства";
				"INFOPLIST_KEY_UIApplicationSceneManifest_Generation[sdk=iphoneos*]" = YES;
				"INFOPLIST_KEY_UIApplicationSceneManifest_Generation[sdk=iphonesimulator*]" = YES;
				"INFOPLIST_KEY_UIApplicationSupportsIndirectInputEvents[sdk=iphoneos*]" = YES;
				"INFOPLIST_KEY_UIApplicationSupportsIndirectInputEvents[sdk=iphonesimulator*]" = YES;
				"INFOPLIST_KEY_UILaunchScreen_Generation[sdk=iphoneos*]" = YES;
				"INFOPLIST_KEY_UILaunchScreen_Generation[sdk=iphonesimulator*]" = YES;
				"INFOPLIST_KEY_UIStatusBarStyle[sdk=iphoneos*]" = UIStatusBarStyleDefault;
				"INFOPLIST_KEY_UIStatusBarStyle[sdk=iphonesimulator*]" = UIStatusBarStyleDefault;
				INFOPLIST_KEY_UISupportedInterfaceOrientations_iPad = "UIInterfaceOrientationPortrait UIInterfaceOrientationPortraitUpsideDown UIInterfaceOrientationLandscapeLeft UIInterfaceOrientationLandscapeRight";
				INFOPLIST_KEY_UISupportedInterfaceOrientations_iPhone = "UIInterfaceOrientationPortrait UIInterfaceOrientationLandscapeLeft UIInterfaceOrientationLandscapeRight";
				IPHONEOS_DEPLOYMENT_TARGET = 15.0;
				LD_RUNPATH_SEARCH_PATHS = "@executable_path/Frameworks";
				"LD_RUNPATH_SEARCH_PATHS[sdk=macosx*]" = "@executable_path/../Frameworks";
				MACOSX_DEPLOYMENT_TARGET = 12.3;
				MARKETING_VERSION = 1.0;
				PRODUCT_BUNDLE_IDENTIFIER = agafonov.oneTwoKnow;
				PRODUCT_NAME = "$(TARGET_NAME)";
				PROVISIONING_PROFILE_SPECIFIER = "";
				SDKROOT = auto;
				SUPPORTED_PLATFORMS = "iphoneos iphonesimulator";
				SUPPORTS_MACCATALYST = NO;
				SUPPORTS_MAC_DESIGNED_FOR_IPHONE_IPAD = NO;
				SWIFT_EMIT_LOC_STRINGS = YES;
				SWIFT_VERSION = 5.0;
				TARGETED_DEVICE_FAMILY = "1,2";
			};
			name = Debug;
		};
		3A3085D628FC01E3008AC49B /* Release */ = {
			isa = XCBuildConfiguration;
			baseConfigurationReference = 7DDECE46D9EE7EF420D5F9AB /* Pods-oneTwoKnow.release.xcconfig */;
			buildSettings = {
				ASSETCATALOG_COMPILER_APPICON_NAME = AppIcon;
				ASSETCATALOG_COMPILER_GLOBAL_ACCENT_COLOR_NAME = AccentColor;
				CODE_SIGN_ENTITLEMENTS = oneTwoKnow/oneTwoKnow.entitlements;
				CODE_SIGN_IDENTITY = "Apple Development";
				CODE_SIGN_STYLE = Automatic;
				CURRENT_PROJECT_VERSION = 1;
				DEVELOPMENT_ASSET_PATHS = "\"oneTwoKnow/Preview Content\"";
				DEVELOPMENT_TEAM = 836DR8655U;
				ENABLE_HARDENED_RUNTIME = YES;
				ENABLE_PREVIEWS = YES;
				GENERATE_INFOPLIST_FILE = YES;
				INFOPLIST_KEY_NSCameraUsageDescription = "Для распознавания текста приложению нужен доступ к камере вашего устройства";
				"INFOPLIST_KEY_UIApplicationSceneManifest_Generation[sdk=iphoneos*]" = YES;
				"INFOPLIST_KEY_UIApplicationSceneManifest_Generation[sdk=iphonesimulator*]" = YES;
				"INFOPLIST_KEY_UIApplicationSupportsIndirectInputEvents[sdk=iphoneos*]" = YES;
				"INFOPLIST_KEY_UIApplicationSupportsIndirectInputEvents[sdk=iphonesimulator*]" = YES;
				"INFOPLIST_KEY_UILaunchScreen_Generation[sdk=iphoneos*]" = YES;
				"INFOPLIST_KEY_UILaunchScreen_Generation[sdk=iphonesimulator*]" = YES;
				"INFOPLIST_KEY_UIStatusBarStyle[sdk=iphoneos*]" = UIStatusBarStyleDefault;
				"INFOPLIST_KEY_UIStatusBarStyle[sdk=iphonesimulator*]" = UIStatusBarStyleDefault;
				INFOPLIST_KEY_UISupportedInterfaceOrientations_iPad = "UIInterfaceOrientationPortrait UIInterfaceOrientationPortraitUpsideDown UIInterfaceOrientationLandscapeLeft UIInterfaceOrientationLandscapeRight";
				INFOPLIST_KEY_UISupportedInterfaceOrientations_iPhone = "UIInterfaceOrientationPortrait UIInterfaceOrientationLandscapeLeft UIInterfaceOrientationLandscapeRight";
				IPHONEOS_DEPLOYMENT_TARGET = 15.0;
				LD_RUNPATH_SEARCH_PATHS = "@executable_path/Frameworks";
				"LD_RUNPATH_SEARCH_PATHS[sdk=macosx*]" = "@executable_path/../Frameworks";
				MACOSX_DEPLOYMENT_TARGET = 12.3;
				MARKETING_VERSION = 1.0;
				PRODUCT_BUNDLE_IDENTIFIER = agafonov.oneTwoKnow;
				PRODUCT_NAME = "$(TARGET_NAME)";
				PROVISIONING_PROFILE_SPECIFIER = "";
				SDKROOT = auto;
				SUPPORTED_PLATFORMS = "iphoneos iphonesimulator";
				SUPPORTS_MACCATALYST = NO;
				SUPPORTS_MAC_DESIGNED_FOR_IPHONE_IPAD = NO;
				SWIFT_EMIT_LOC_STRINGS = YES;
				SWIFT_VERSION = 5.0;
				TARGETED_DEVICE_FAMILY = "1,2";
			};
			name = Release;
		};
/* End XCBuildConfiguration section */

/* Begin XCConfigurationList section */
		3A3085C028FC01E1008AC49B /* Build configuration list for PBXProject "oneTwoKnow" */ = {
			isa = XCConfigurationList;
			buildConfigurations = (
				3A3085D228FC01E3008AC49B /* Debug */,
				3A3085D328FC01E3008AC49B /* Release */,
			);
			defaultConfigurationIsVisible = 0;
			defaultConfigurationName = Release;
		};
		3A3085D428FC01E3008AC49B /* Build configuration list for PBXNativeTarget "oneTwoKnow" */ = {
			isa = XCConfigurationList;
			buildConfigurations = (
				3A3085D528FC01E3008AC49B /* Debug */,
				3A3085D628FC01E3008AC49B /* Release */,
			);
			defaultConfigurationIsVisible = 0;
			defaultConfigurationName = Release;
		};
/* End XCConfigurationList section */
	};
	rootObject = 3A3085BD28FC01E1008AC49B /* Project object */;
}
